
Microsoft Visual Studio Solution File, Format Version 12.00
Project("{FAE04EC0-301F-11D3-BF4B-00C04F79EFBC}") = "ModelPacker.UI", "ModelPacker.UI\ModelPacker.UI.csproj", "{0C74B931-F859-465E-ABE3-0C70E6C88858}"
EndProject
Project("{FAE04EC0-301F-11D3-BF4B-00C04F79EFBC}") = "ModelPacker.Logger", "ModelPacker.Logger\ModelPacker.Logger.csproj", "{4EC652E4-64ED-48EE-901E-F33F88922F71}"
EndProject
Project("{FAE04EC0-301F-11D3-BF4B-00C04F79EFBC}") = "ModelPacker.Processor", "ModelPacker.Processor\ModelPacker.Processor.csproj", "{3E4CB375-2C38-4A62-AA0B-D8FD11C549FC}"
EndProject
Project("{FAE04EC0-301F-11D3-BF4B-00C04F79EFBC}") = "ModelPacker.CMD", "ModelPacker.CMD\ModelPacker.CMD.csproj", "{067F7ADF-36E1-4930-B769-4B2A0925DD0F}"
EndProject
Project("{FAE04EC0-301F-11D3-BF4B-00C04F79EFBC}") = "ModelPacker.BinPacker", "ModelPacker.BinPacker\ModelPacker.BinPacker.csproj", "{8A5BB0F2-68D4-42E7-AE55-9B8FE23CA94E}"
EndProject
Project("{FAE04EC0-301F-11D3-BF4B-00C04F79EFBC}") = "AssimpNet.Interop.Generator", "assimp-net\AssimpNet.Interop.Generator\AssimpNet.Interop.Generator.csproj", "{EA4EF0BE-B8A9-4149-8B5A-7E353AD628C0}"
EndProject
Project("{FAE04EC0-301F-11D3-BF4B-00C04F79EFBC}") = "AssimpNet", "assimp-net\AssimpNet\AssimpNet.csproj", "{3415FF29-C0BE-44FC-AD34-94796118E690}"
EndProject
Global
	GlobalSection(SolutionConfigurationPlatforms) = preSolution
		Debug|Any CPU = Debug|Any CPU
		Release|Any CPU = Release|Any CPU
	EndGlobalSection
	GlobalSection(ProjectConfigurationPlatforms) = postSolution
		{0C74B931-F859-465E-ABE3-0C70E6C88858}.Debug|Any CPU.ActiveCfg = Debug|Any CPU
		{0C74B931-F859-465E-ABE3-0C70E6C88858}.Debug|Any CPU.Build.0 = Debug|Any CPU
		{0C74B931-F859-465E-ABE3-0C70E6C88858}.Release|Any CPU.ActiveCfg = Release|Any CPU
		{0C74B931-F859-465E-ABE3-0C70E6C88858}.Release|Any CPU.Build.0 = Release|Any CPU
		{4EC652E4-64ED-48EE-901E-F33F88922F71}.Debug|Any CPU.ActiveCfg = Debug|Any CPU
		{4EC652E4-64ED-48EE-901E-F33F88922F71}.Debug|Any CPU.Build.0 = Debug|Any CPU
		{4EC652E4-64ED-48EE-901E-F33F88922F71}.Release|Any CPU.ActiveCfg = Release|Any CPU
		{4EC652E4-64ED-48EE-901E-F33F88922F71}.Release|Any CPU.Build.0 = Release|Any CPU
		{3E4CB375-2C38-4A62-AA0B-D8FD11C549FC}.Debug|Any CPU.ActiveCfg = Debug|Any CPU
		{3E4CB375-2C38-4A62-AA0B-D8FD11C549FC}.Debug|Any CPU.Build.0 = Debug|Any CPU
		{3E4CB375-2C38-4A62-AA0B-D8FD11C549FC}.Release|Any CPU.ActiveCfg = Release|Any CPU
		{3E4CB375-2C38-4A62-AA0B-D8FD11C549FC}.Release|Any CPU.Build.0 = Release|Any CPU
		{067F7ADF-36E1-4930-B769-4B2A0925DD0F}.Debug|Any CPU.ActiveCfg = Debug|Any CPU
		{067F7ADF-36E1-4930-B769-4B2A0925DD0F}.Debug|Any CPU.Build.0 = Debug|Any CPU
		{067F7ADF-36E1-4930-B769-4B2A0925DD0F}.Release|Any CPU.ActiveCfg = Release|Any CPU
		{067F7ADF-36E1-4930-B769-4B2A0925DD0F}.Release|Any CPU.Build.0 = Release|Any CPU
		{8A5BB0F2-68D4-42E7-AE55-9B8FE23CA94E}.Debug|Any CPU.ActiveCfg = Debug|Any CPU
		{8A5BB0F2-68D4-42E7-AE55-9B8FE23CA94E}.Debug|Any CPU.Build.0 = Debug|Any CPU
		{8A5BB0F2-68D4-42E7-AE55-9B8FE23CA94E}.Release|Any CPU.ActiveCfg = Release|Any CPU
		{8A5BB0F2-68D4-42E7-AE55-9B8FE23CA94E}.Release|Any CPU.Build.0 = Release|Any CPU
		{3415FF29-C0BE-44FC-AD34-94796118E690}.Debug|Any CPU.ActiveCfg = Net45-Debug|Any CPU
		{3415FF29-C0BE-44FC-AD34-94796118E690}.Debug|Any CPU.Build.0 = Net45-Debug|Any CPU
		{3415FF29-C0BE-44FC-AD34-94796118E690}.Release|Any CPU.ActiveCfg = Net45-Release|Any CPU
		{3415FF29-C0BE-44FC-AD34-94796118E690}.Release|Any CPU.Build.0 = Net45-Release|Any CPU
		{EA4EF0BE-B8A9-4149-8B5A-7E353AD628C0}.Debug|Any CPU.ActiveCfg = Net45-Debug|Any CPU
		{EA4EF0BE-B8A9-4149-8B5A-7E353AD628C0}.Debug|Any CPU.Build.0 = Net45-Debug|Any CPU
		{EA4EF0BE-B8A9-4149-8B5A-7E353AD628C0}.Release|Any CPU.ActiveCfg = Net45-Release|Any CPU
		{EA4EF0BE-B8A9-4149-8B5A-7E353AD628C0}.Release|Any CPU.Build.0 = Net45-Release|Any CPU
	EndGlobalSection
EndGlobal
